
Microsoft Visual Studio Solution File, Format Version 12.00
# Visual Studio 14
VisualStudioVersion = 14.0.23107.0
MinimumVisualStudioVersion = 10.0.40219.1
Project("{FAE04EC0-301F-11D3-BF4B-00C04F79EFBC}") = "Icarus.Core", "Icarus.Core\Icarus.Core.csproj", "{C036A676-196C-4849-AB04-333E840DCC5F}"
EndProject
Project("{FAE04EC0-301F-11D3-BF4B-00C04F79EFBC}") = "Icarus.Test", "Icarus.Test\Icarus.Test.csproj", "{F5E6E403-8156-4F66-AF78-CDCEB1354630}"
EndProject
Global
	GlobalSection(SolutionConfigurationPlatforms) = preSolution
		Debug|Any CPU = Debug|Any CPU
		Release|Any CPU = Release|Any CPU
	EndGlobalSection
	GlobalSection(ProjectConfigurationPlatforms) = postSolution
		{C036A676-196C-4849-AB04-333E840DCC5F}.Debug|Any CPU.ActiveCfg = Debug|Any CPU
		{C036A676-196C-4849-AB04-333E840DCC5F}.Debug|Any CPU.Build.0 = Debug|Any CPU
		{C036A676-196C-4849-AB04-333E840DCC5F}.Release|Any CPU.ActiveCfg = Release|Any CPU
		{C036A676-196C-4849-AB04-333E840DCC5F}.Release|Any CPU.Build.0 = Release|Any CPU
		{F5E6E403-8156-4F66-AF78-CDCEB1354630}.Debug|Any CPU.ActiveCfg = Debug|Any CPU
		{F5E6E403-8156-4F66-AF78-CDCEB1354630}.Debug|Any CPU.Build.0 = Debug|Any CPU
		{F5E6E403-8156-4F66-AF78-CDCEB1354630}.Release|Any CPU.ActiveCfg = Release|Any CPU
		{F5E6E403-8156-4F66-AF78-CDCEB1354630}.Release|Any CPU.Build.0 = Release|Any CPU
	EndGlobalSection
	GlobalSection(SolutionProperties) = preSolution
		HideSolutionNode = FALSE
	EndGlobalSection
EndGlobal
